
Microsoft Visual Studio Solution File, Format Version 12.00
# Visual Studio Version 17
VisualStudioVersion = 17.13.35818.85 d17.13
MinimumVisualStudioVersion = 10.0.40219.1
Project("{FAE04EC0-301F-11D3-BF4B-00C04F79EFBC}") = "tpmodul10_103022300025", "tpmodul10_103022300025.csproj", "{AB10FDDE-6DEB-4132-9B9D-CB61488978FA}"
EndProject
Global
	GlobalSection(SolutionConfigurationPlatforms) = preSolution
		Debug|Any CPU = Debug|Any CPU
		Release|Any CPU = Release|Any CPU
	EndGlobalSection
	GlobalSection(ProjectConfigurationPlatforms) = postSolution
		{AB10FDDE-6DEB-4132-9B9D-CB61488978FA}.Debug|Any CPU.ActiveCfg = Debug|Any CPU
		{AB10FDDE-6DEB-4132-9B9D-CB61488978FA}.Debug|Any CPU.Build.0 = Debug|Any CPU
		{AB10FDDE-6DEB-4132-9B9D-CB61488978FA}.Release|Any CPU.ActiveCfg = Release|Any CPU
		{AB10FDDE-6DEB-4132-9B9D-CB61488978FA}.Release|Any CPU.Build.0 = Release|Any CPU
	EndGlobalSection
	GlobalSection(SolutionProperties) = preSolution
		HideSolutionNode = FALSE
	EndGlobalSection
	GlobalSection(ExtensibilityGlobals) = postSolution
		SolutionGuid = {C3DF47E4-6B3C-432C-9640-72CD8AEF81B7}
	EndGlobalSection
EndGlobal
